
Microsoft Visual Studio Solution File, Format Version 12.00
Project("{FAE04EC0-301F-11D3-BF4B-00C04F79EFBC}") = "ChessGame", "ChessGame.csproj", "{29F5BE2B-B6D8-49E6-909C-FD09BDA82701}"
EndProject
Project("{FAE04EC0-301F-11D3-BF4B-00C04F79EFBC}") = "Chess Logic", "Chess Logic\Chess Logic.csproj", "{96DA6D15-864A-4370-AB53-5F4BAC0FBF9F}"
EndProject
Global
	GlobalSection(SolutionConfigurationPlatforms) = preSolution
		Debug|Any CPU = Debug|Any CPU
		Release|Any CPU = Release|Any CPU
	EndGlobalSection
	GlobalSection(ProjectConfigurationPlatforms) = postSolution
		{29F5BE2B-B6D8-49E6-909C-FD09BDA82701}.Debug|Any CPU.ActiveCfg = Debug|Any CPU
		{29F5BE2B-B6D8-49E6-909C-FD09BDA82701}.Debug|Any CPU.Build.0 = Debug|Any CPU
		{29F5BE2B-B6D8-49E6-909C-FD09BDA82701}.Release|Any CPU.ActiveCfg = Release|Any CPU
		{29F5BE2B-B6D8-49E6-909C-FD09BDA82701}.Release|Any CPU.Build.0 = Release|Any CPU
		{96DA6D15-864A-4370-AB53-5F4BAC0FBF9F}.Debug|Any CPU.ActiveCfg = Debug|Any CPU
		{96DA6D15-864A-4370-AB53-5F4BAC0FBF9F}.Debug|Any CPU.Build.0 = Debug|Any CPU
		{96DA6D15-864A-4370-AB53-5F4BAC0FBF9F}.Release|Any CPU.ActiveCfg = Release|Any CPU
		{96DA6D15-864A-4370-AB53-5F4BAC0FBF9F}.Release|Any CPU.Build.0 = Release|Any CPU
	EndGlobalSection
EndGlobal
