
Microsoft Visual Studio Solution File, Format Version 12.00
Project("{FAE04EC0-301F-11D3-BF4B-00C04F79EFBC}") = "ChessLogic", "ChessLogic.csproj", "{DCCBE5D8-5E5E-41EB-819D-35F68A164B4D}"
EndProject
Global
	GlobalSection(SolutionConfigurationPlatforms) = preSolution
		Debug|Any CPU = Debug|Any CPU
		Release|Any CPU = Release|Any CPU
	EndGlobalSection
	GlobalSection(ProjectConfigurationPlatforms) = postSolution
		{DCCBE5D8-5E5E-41EB-819D-35F68A164B4D}.Debug|Any CPU.ActiveCfg = Debug|Any CPU
		{DCCBE5D8-5E5E-41EB-819D-35F68A164B4D}.Debug|Any CPU.Build.0 = Debug|Any CPU
		{DCCBE5D8-5E5E-41EB-819D-35F68A164B4D}.Release|Any CPU.ActiveCfg = Release|Any CPU
		{DCCBE5D8-5E5E-41EB-819D-35F68A164B4D}.Release|Any CPU.Build.0 = Release|Any CPU
	EndGlobalSection
EndGlobal
